{
	"name": "@arcticnotes/node-wsh",
	"version": "0.0.8",
	"lockfileVersion": 3,
	"requires": true,
	"packages": {
		"": {
			"name": "@arcticnotes/node-wsh",
			"version": "0.0.8",
			"license": "MIT",
			"dependencies": {
				"@arcticnotes/syncline": "0.0.3"
			}
		},
		"node_modules/@arcticnotes/syncline": {
			"version": "0.0.3",
			"resolved": "https://registry.npmjs.org/@arcticnotes/syncline/-/syncline-0.0.3.tgz",
			"integrity": "sha512-lZ9bnSW8SQx0txEWkYRyso55VkE7ujModmNE1G1CJEowzmnkdjwIfrGIl6h+t+GHqZT6tXzjx+3gj261njCROw==",
			"license": "MIT"
		}
	}
}
