{
	"name": "@arcticnotes/node-wsh",
	"version": "0.0.12",
	"lockfileVersion": 3,
	"requires": true,
	"packages": {
		"": {
			"name": "@arcticnotes/node-wsh",
			"version": "0.0.12",
			"license": "MIT",
			"dependencies": {
				"@arcticnotes/syncline": "0.0.4"
			}
		},
		"node_modules/@arcticnotes/syncline": {
			"version": "0.0.4",
			"resolved": "https://registry.npmjs.org/@arcticnotes/syncline/-/syncline-0.0.4.tgz",
			"integrity": "sha512-TYfqc9HlU5L8ZgIquEE2OQO0uOnvRjhnDZLtYpHRUFFNPGff5jeWM8bpKHHU25KFT1B/im41STw6BbGzo1Qy6A==",
			"license": "MIT"
		}
	}
}
